
Microsoft Visual Studio Solution File, Format Version 12.00
# Visual Studio Version 17
VisualStudioVersion = 17.8.34330.188
MinimumVisualStudioVersion = 10.0.40219.1
Project("{9A19103F-16F7-4668-BE54-9A1E7A4F7556}") = "MusicLibrary_GUI", "MusicLibrary_GUI.csproj", "{8AFB84B1-1861-4807-B678-8CFAB94D6685}"
EndProject
Project("{9A19103F-16F7-4668-BE54-9A1E7A4F7556}") = "MusicLibrary_BLL", "..\MusicLibrary_BLL\MusicLibrary_BLL.csproj", "{C6E88DF1-68FC-49B7-98CF-8678F9FBD9A8}"
EndProject
Project("{9A19103F-16F7-4668-BE54-9A1E7A4F7556}") = "MusicLibrary_DAL", "..\MusicLibrary_DAL\MusicLibrary_DAL.csproj", "{4AC73388-B092-44A2-8D64-7799D1C56CB9}"
EndProject
Project("{FAE04EC0-301F-11D3-BF4B-00C04F79EFBC}") = "Playground", "..\Playground\Playground.csproj", "{110DF7C3-32D6-43D7-BAA6-DAB333A95E25}"
	ProjectSection(ProjectDependencies) = postProject
		{4AC73388-B092-44A2-8D64-7799D1C56CB9} = {4AC73388-B092-44A2-8D64-7799D1C56CB9}
	EndProjectSection
EndProject
Global
	GlobalSection(SolutionConfigurationPlatforms) = preSolution
		Debug|Any CPU = Debug|Any CPU
		Release|Any CPU = Release|Any CPU
	EndGlobalSection
	GlobalSection(ProjectConfigurationPlatforms) = postSolution
		{8AFB84B1-1861-4807-B678-8CFAB94D6685}.Debug|Any CPU.ActiveCfg = Debug|Any CPU
		{8AFB84B1-1861-4807-B678-8CFAB94D6685}.Debug|Any CPU.Build.0 = Debug|Any CPU
		{8AFB84B1-1861-4807-B678-8CFAB94D6685}.Release|Any CPU.ActiveCfg = Release|Any CPU
		{8AFB84B1-1861-4807-B678-8CFAB94D6685}.Release|Any CPU.Build.0 = Release|Any CPU
		{C6E88DF1-68FC-49B7-98CF-8678F9FBD9A8}.Debug|Any CPU.ActiveCfg = Debug|Any CPU
		{C6E88DF1-68FC-49B7-98CF-8678F9FBD9A8}.Debug|Any CPU.Build.0 = Debug|Any CPU
		{C6E88DF1-68FC-49B7-98CF-8678F9FBD9A8}.Release|Any CPU.ActiveCfg = Release|Any CPU
		{C6E88DF1-68FC-49B7-98CF-8678F9FBD9A8}.Release|Any CPU.Build.0 = Release|Any CPU
		{4AC73388-B092-44A2-8D64-7799D1C56CB9}.Debug|Any CPU.ActiveCfg = Debug|Any CPU
		{4AC73388-B092-44A2-8D64-7799D1C56CB9}.Debug|Any CPU.Build.0 = Debug|Any CPU
		{4AC73388-B092-44A2-8D64-7799D1C56CB9}.Release|Any CPU.ActiveCfg = Release|Any CPU
		{4AC73388-B092-44A2-8D64-7799D1C56CB9}.Release|Any CPU.Build.0 = Release|Any CPU
		{110DF7C3-32D6-43D7-BAA6-DAB333A95E25}.Debug|Any CPU.ActiveCfg = Debug|Any CPU
		{110DF7C3-32D6-43D7-BAA6-DAB333A95E25}.Debug|Any CPU.Build.0 = Debug|Any CPU
		{110DF7C3-32D6-43D7-BAA6-DAB333A95E25}.Release|Any CPU.ActiveCfg = Release|Any CPU
		{110DF7C3-32D6-43D7-BAA6-DAB333A95E25}.Release|Any CPU.Build.0 = Release|Any CPU
	EndGlobalSection
	GlobalSection(SolutionProperties) = preSolution
		HideSolutionNode = FALSE
	EndGlobalSection
	GlobalSection(ExtensibilityGlobals) = postSolution
		SolutionGuid = {7BBA2C9E-341B-492B-80D4-68F8ABE863C2}
	EndGlobalSection
EndGlobal
